
Microsoft Visual Studio Solution File, Format Version 12.00
# Visual Studio Version 16
VisualStudioVersion = 16.0.28606.126
MinimumVisualStudioVersion = 10.0.40219.1
Project("{9A19103F-16F7-4668-BE54-9A1E7A4F7556}") = "MVC", "MVC\MVC.csproj", "{CEB48A7E-ECAF-4019-B9E2-84E74BB6EFE6}"
EndProject
Project("{FAE04EC0-301F-11D3-BF4B-00C04F79EFBC}") = "Facade", "Facade\Facade.csproj", "{576815E2-EDA6-4C7F-803B-E1876C0432C9}"
EndProject
Project("{FAE04EC0-301F-11D3-BF4B-00C04F79EFBC}") = "Core", "Core\Core.csproj", "{CAA6B609-5C18-445E-BECE-C3DF36F6872C}"
EndProject
Project("{9A19103F-16F7-4668-BE54-9A1E7A4F7556}") = "Infra", "Infra\Infra.csproj", "{06C13003-723F-494B-8BF6-B24F04AA1894}"
EndProject
Project("{FAE04EC0-301F-11D3-BF4B-00C04F79EFBC}") = "UnitTestProject2", "UnitTestProject2\UnitTestProject2.csproj", "{86E725B3-C983-4504-B6C7-DFDC074FE991}"
EndProject
Global
	GlobalSection(SolutionConfigurationPlatforms) = preSolution
		Debug|Any CPU = Debug|Any CPU
		Release|Any CPU = Release|Any CPU
	EndGlobalSection
	GlobalSection(ProjectConfigurationPlatforms) = postSolution
		{CEB48A7E-ECAF-4019-B9E2-84E74BB6EFE6}.Debug|Any CPU.ActiveCfg = Debug|Any CPU
		{CEB48A7E-ECAF-4019-B9E2-84E74BB6EFE6}.Debug|Any CPU.Build.0 = Debug|Any CPU
		{CEB48A7E-ECAF-4019-B9E2-84E74BB6EFE6}.Release|Any CPU.ActiveCfg = Release|Any CPU
		{CEB48A7E-ECAF-4019-B9E2-84E74BB6EFE6}.Release|Any CPU.Build.0 = Release|Any CPU
		{576815E2-EDA6-4C7F-803B-E1876C0432C9}.Debug|Any CPU.ActiveCfg = Debug|Any CPU
		{576815E2-EDA6-4C7F-803B-E1876C0432C9}.Debug|Any CPU.Build.0 = Debug|Any CPU
		{576815E2-EDA6-4C7F-803B-E1876C0432C9}.Release|Any CPU.ActiveCfg = Release|Any CPU
		{576815E2-EDA6-4C7F-803B-E1876C0432C9}.Release|Any CPU.Build.0 = Release|Any CPU
		{CAA6B609-5C18-445E-BECE-C3DF36F6872C}.Debug|Any CPU.ActiveCfg = Debug|Any CPU
		{CAA6B609-5C18-445E-BECE-C3DF36F6872C}.Debug|Any CPU.Build.0 = Debug|Any CPU
		{CAA6B609-5C18-445E-BECE-C3DF36F6872C}.Release|Any CPU.ActiveCfg = Release|Any CPU
		{CAA6B609-5C18-445E-BECE-C3DF36F6872C}.Release|Any CPU.Build.0 = Release|Any CPU
		{06C13003-723F-494B-8BF6-B24F04AA1894}.Debug|Any CPU.ActiveCfg = Debug|Any CPU
		{06C13003-723F-494B-8BF6-B24F04AA1894}.Debug|Any CPU.Build.0 = Debug|Any CPU
		{06C13003-723F-494B-8BF6-B24F04AA1894}.Release|Any CPU.ActiveCfg = Release|Any CPU
		{06C13003-723F-494B-8BF6-B24F04AA1894}.Release|Any CPU.Build.0 = Release|Any CPU
		{86E725B3-C983-4504-B6C7-DFDC074FE991}.Debug|Any CPU.ActiveCfg = Debug|Any CPU
		{86E725B3-C983-4504-B6C7-DFDC074FE991}.Debug|Any CPU.Build.0 = Debug|Any CPU
		{86E725B3-C983-4504-B6C7-DFDC074FE991}.Release|Any CPU.ActiveCfg = Release|Any CPU
		{86E725B3-C983-4504-B6C7-DFDC074FE991}.Release|Any CPU.Build.0 = Release|Any CPU
	EndGlobalSection
	GlobalSection(SolutionProperties) = preSolution
		HideSolutionNode = FALSE
	EndGlobalSection
	GlobalSection(ExtensibilityGlobals) = postSolution
		SolutionGuid = {4B9B55F7-1CF4-4772-9F4B-BFDF289A8F1B}
	EndGlobalSection
EndGlobal
